
Microsoft Visual Studio Solution File, Format Version 12.00
# Visual Studio Version 17
VisualStudioVersion = 17.8.34322.80
MinimumVisualStudioVersion = 10.0.40219.1
Project("{FAE04EC0-301F-11D3-BF4B-00C04F79EFBC}") = "DungeonCrawlProject", "DungeonCrawlProject.csproj", "{79DB7D9D-DDD2-48AA-97CD-EBD3ED81F040}"
EndProject
Global
	GlobalSection(SolutionConfigurationPlatforms) = preSolution
		Debug|Any CPU = Debug|Any CPU
		Release|Any CPU = Release|Any CPU
	EndGlobalSection
	GlobalSection(ProjectConfigurationPlatforms) = postSolution
		{79DB7D9D-DDD2-48AA-97CD-EBD3ED81F040}.Debug|Any CPU.ActiveCfg = Debug|Any CPU
		{79DB7D9D-DDD2-48AA-97CD-EBD3ED81F040}.Debug|Any CPU.Build.0 = Debug|Any CPU
		{79DB7D9D-DDD2-48AA-97CD-EBD3ED81F040}.Release|Any CPU.ActiveCfg = Release|Any CPU
		{79DB7D9D-DDD2-48AA-97CD-EBD3ED81F040}.Release|Any CPU.Build.0 = Release|Any CPU
	EndGlobalSection
	GlobalSection(SolutionProperties) = preSolution
		HideSolutionNode = FALSE
	EndGlobalSection
	GlobalSection(ExtensibilityGlobals) = postSolution
		SolutionGuid = {C4AE38BD-5293-4102-8D70-760F8D9A7AE4}
	EndGlobalSection
EndGlobal
